// !$*UTF8*$!
{
	archiveVersion = 1;
	classes = {
	};
	objectVersion = 46;
	objects = {

/* Begin PBXBuildFile section */
		DEF3C1751B2A6AC700C27D93 /* main.m in Sources */ = {isa = PBXBuildFile; fileRef = DEF3C1741B2A6AC700C27D93 /* main.m */; };
		DEF3C1781B2A6AC700C27D93 /* AppDelegate.m in Sources */ = {isa = PBXBuildFile; fileRef = DEF3C1771B2A6AC700C27D93 /* AppDelegate.m */; };
		DEF3C17B1B2A6AC700C27D93 /* ViewController.m in Sources */ = {isa = PBXBuildFile; fileRef = DEF3C17A1B2A6AC700C27D93 /* ViewController.m */; };
		DEF3C17E1B2A6AC700C27D93 /* Main.storyboard in Resources */ = {isa = PBXBuildFile; fileRef = DEF3C17C1B2A6AC700C27D93 /* Main.storyboard */; };
		DEF3C1801B2A6AC700C27D93 /* Images.xcassets in Resources */ = {isa = PBXBuildFile; fileRef = DEF3C17F1B2A6AC700C27D93 /* Images.xcassets */; };
		DEF3C1831B2A6AC700C27D93 /* LaunchScreen.xib in Resources */ = {isa = PBXBuildFile; fileRef = DEF3C1811B2A6AC700C27D93 /* LaunchScreen.xib */; };
		DEF3C18F1B2A6AC700C27D93 /* ImageLoaderTests.m in Sources */ = {isa = PBXBuildFile; fileRef = DEF3C18E1B2A6AC700C27D93 /* ImageLoaderTests.m */; };
/* End PBXBuildFile section */

/* Begin PBXContainerItemProxy section */
		DEF3C1891B2A6AC700C27D93 /* PBXContainerItemProxy */ = {
			isa = PBXContainerItemProxy;
			containerPortal = DEF3C1671B2A6AC700C27D93 /* Project object */;
			proxyType = 1;
			remoteGlobalIDString = DEF3C16E1B2A6AC700C27D93;
			remoteInfo = ImageLoader;
		};
/* End PBXContainerItemProxy section */

/* Begin PBXFileReference section */
		DEF3C16F1B2A6AC700C27D93 /* ImageLoader.app */ = {isa = PBXFileReference; explicitFileType = wrapper.application; includeInIndex = 0; path = ImageLoader.app; sourceTree = BUILT_PRODUCTS_DIR; };
		DEF3C1731B2A6AC700C27D93 /* Info.plist */ = {isa = PBXFileReference; lastKnownFileType = text.plist.xml; path = Info.plist; sourceTree = "<group>"; };
		DEF3C1741B2A6AC700C27D93 /* main.m */ = {isa = PBXFileReference; lastKnownFileType = sourcecode.c.objc; path = main.m; sourceTree = "<group>"; };
		DEF3C1761B2A6AC700C27D93 /* AppDelegate.h */ = {isa = PBXFileReference; lastKnownFileType = sourcecode.c.h; path = AppDelegate.h; sourceTree = "<group>"; };
		DEF3C1771B2A6AC700C27D93 /* AppDelegate.m */ = {isa = PBXFileReference; lastKnownFileType = sourcecode.c.objc; path = AppDelegate.m; sourceTree = "<group>"; };
		DEF3C1791B2A6AC700C27D93 /* ViewController.h */ = {isa = PBXFileReference; lastKnownFileType = sourcecode.c.h; path = ViewController.h; sourceTree = "<group>"; };
		DEF3C17A1B2A6AC700C27D93 /* ViewController.m */ = {isa = PBXFileReference; lastKnownFileType = sourcecode.c.objc; path = ViewController.m; sourceTree = "<group>"; };
		DEF3C17D1B2A6AC700C27D93 /* Base */ = {isa = PBXFileReference; lastKnownFileType = file.storyboard; name = Base; path = Base.lproj/Main.storyboard; sourceTree = "<group>"; };
		DEF3C17F1B2A6AC700C27D93 /* Images.xcassets */ = {isa = PBXFileReference; lastKnownFileType = folder.assetcatalog; path = Images.xcassets; sourceTree = "<group>"; };
		DEF3C1821B2A6AC700C27D93 /* Base */ = {isa = PBXFileReference; lastKnownFileType = file.xib; name = Base; path = Base.lproj/LaunchScreen.xib; sourceTree = "<group>"; };
		DEF3C1881B2A6AC700C27D93 /* ImageLoaderTests.xctest */ = {isa = PBXFileReference; explicitFileType = wrapper.cfbundle; includeInIndex = 0; path = ImageLoaderTests.xctest; sourceTree = BUILT_PRODUCTS_DIR; };
		DEF3C18D1B2A6AC700C27D93 /* Info.plist */ = {isa = PBXFileReference; lastKnownFileType = text.plist.xml; path = Info.plist; sourceTree = "<group>"; };
		DEF3C18E1B2A6AC700C27D93 /* ImageLoaderTests.m */ = {isa = PBXFileReference; lastKnownFileType = sourcecode.c.objc; path = ImageLoaderTests.m; sourceTree = "<group>"; };
/* End PBXFileReference section */

/* Begin PBXFrameworksBuildPhase section */
		DEF3C16C1B2A6AC700C27D93 /* Frameworks */ = {
			isa = PBXFrameworksBuildPhase;
			buildActionMask = 2147483647;
			files = (
			);
			runOnlyForDeploymentPostprocessing = 0;
		};
		DEF3C1851B2A6AC700C27D93 /* Frameworks */ = {
			isa = PBXFrameworksBuildPhase;
			buildActionMask = 2147483647;
			files = (
			);
			runOnlyForDeploymentPostprocessing = 0;
		};
/* End PBXFrameworksBuildPhase section */

/* Begin PBXGroup section */
		DEF3C1661B2A6AC700C27D93 = {
			isa = PBXGroup;
			children = (
				DEF3C1711B2A6AC700C27D93 /* ImageLoader */,
				DEF3C18B1B2A6AC700C27D93 /* ImageLoaderTests */,
				DEF3C1701B2A6AC700C27D93 /* Products */,
			);
			sourceTree = "<group>";
		};
		DEF3C1701B2A6AC700C27D93 /* Products */ = {
			isa = PBXGroup;
			children = (
				DEF3C16F1B2A6AC700C27D93 /* ImageLoader.app */,
				DEF3C1881B2A6AC700C27D93 /* ImageLoaderTests.xctest */,
			);
			name = Products;
			sourceTree = "<group>";
		};
		DEF3C1711B2A6AC700C27D93 /* ImageLoader */ = {
			isa = PBXGroup;
			children = (
				DEF3C1761B2A6AC700C27D93 /* AppDelegate.h */,
				DEF3C1771B2A6AC700C27D93 /* AppDelegate.m */,
				DEF3C1791B2A6AC700C27D93 /* ViewController.h */,
				DEF3C17A1B2A6AC700C27D93 /* ViewController.m */,
				DEF3C17C1B2A6AC700C27D93 /* Main.storyboard */,
				DEF3C17F1B2A6AC700C27D93 /* Images.xcassets */,
				DEF3C1811B2A6AC700C27D93 /* LaunchScreen.xib */,
				DEF3C1721B2A6AC700C27D93 /* Supporting Files */,
			);
			path = ImageLoader;
			sourceTree = "<group>";
		};
		DEF3C1721B2A6AC700C27D93 /* Supporting Files */ = {
			isa = PBXGroup;
			children = (
				DEF3C1731B2A6AC700C27D93 /* Info.plist */,
				DEF3C1741B2A6AC700C27D93 /* main.m */,
			);
			name = "Supporting Files";
			sourceTree = "<group>";
		};
		DEF3C18B1B2A6AC700C27D93 /* ImageLoaderTests */ = {
			isa = PBXGroup;
			children = (
				DEF3C18E1B2A6AC700C27D93 /* ImageLoaderTests.m */,
				DEF3C18C1B2A6AC700C27D93 /* Supporting Files */,
			);
			path = ImageLoaderTests;
			sourceTree = "<group>";
		};
		DEF3C18C1B2A6AC700C27D93 /* Supporting Files */ = {
			isa = PBXGroup;
			children = (
				DEF3C18D1B2A6AC700C27D93 /* Info.plist */,
			);
			name = "Supporting Files";
			sourceTree = "<group>";
		};
/* End PBXGroup section */

/* Begin PBXNativeTarget section */
		DEF3C16E1B2A6AC700C27D93 /* ImageLoader */ = {
			isa = PBXNativeTarget;
			buildConfigurationList = DEF3C1921B2A6AC700C27D93 /* Build configuration list for PBXNativeTarget "ImageLoader" */;
			buildPhases = (
				DEF3C16B1B2A6AC700C27D93 /* Sources */,
				DEF3C16C1B2A6AC700C27D93 /* Frameworks */,
				DEF3C16D1B2A6AC700C27D93 /* Resources */,
			);
			buildRules = (
			);
			dependencies = (
			);
			name = ImageLoader;
			productName = ImageLoader;
			productReference = DEF3C16F1B2A6AC700C27D93 /* ImageLoader.app */;
			productType = "com.apple.product-type.application";
		};
		DEF3C1871B2A6AC700C27D93 /* ImageLoaderTests */ = {
			isa = PBXNativeTarget;
			buildConfigurationList = DEF3C1951B2A6AC700C27D93 /* Build configuration list for PBXNativeTarget "ImageLoaderTests" */;
			buildPhases = (
				DEF3C1841B2A6AC700C27D93 /* Sources */,
				DEF3C1851B2A6AC700C27D93 /* Frameworks */,
				DEF3C1861B2A6AC700C27D93 /* Resources */,
			);
			buildRules = (
			);
			dependencies = (
				DEF3C18A1B2A6AC700C27D93 /* PBXTargetDependency */,
			);
			name = ImageLoaderTests;
			productName = ImageLoaderTests;
			productReference = DEF3C1881B2A6AC700C27D93 /* ImageLoaderTests.xctest */;
			productType = "com.apple.product-type.bundle.unit-test";
		};
/* End PBXNativeTarget section */

/* Begin PBXProject section */
		DEF3C1671B2A6AC700C27D93 /* Project object */ = {
			isa = PBXProject;
			attributes = {
				LastUpgradeCheck = 0630;
				ORGANIZATIONNAME = wuxueying;
				TargetAttributes = {
					DEF3C16E1B2A6AC700C27D93 = {
						CreatedOnToolsVersion = 6.3.1;
					};
					DEF3C1871B2A6AC700C27D93 = {
						CreatedOnToolsVersion = 6.3.1;
						TestTargetID = DEF3C16E1B2A6AC700C27D93;
					};
				};
			};
			buildConfigurationList = DEF3C16A1B2A6AC700C27D93 /* Build configuration list for PBXProject "ImageLoader" */;
			compatibilityVersion = "Xcode 3.2";
			developmentRegion = English;
			hasScannedForEncodings = 0;
			knownRegions = (
				en,
				Base,
			);
			mainGroup = DEF3C1661B2A6AC700C27D93;
			productRefGroup = DEF3C1701B2A6AC700C27D93 /* Products */;
			projectDirPath = "";
			projectRoot = "";
			targets = (
				DEF3C16E1B2A6AC700C27D93 /* ImageLoader */,
				DEF3C1871B2A6AC700C27D93 /* ImageLoaderTests */,
			);
		};
/* End PBXProject section */

/* Begin PBXResourcesBuildPhase section */
		DEF3C16D1B2A6AC700C27D93 /* Resources */ = {
			isa = PBXResourcesBuildPhase;
			buildActionMask = 2147483647;
			files = (
				DEF3C17E1B2A6AC700C27D93 /* Main.storyboard in Resources */,
				DEF3C1831B2A6AC700C27D93 /* LaunchScreen.xib in Resources */,
				DEF3C1801B2A6AC700C27D93 /* Images.xcassets in Resources */,
			);
			runOnlyForDeploymentPostprocessing = 0;
		};
		DEF3C1861B2A6AC700C27D93 /* Resources */ = {
			isa = PBXResourcesBuildPhase;
			buildActionMask = 2147483647;
			files = (
			);
			runOnlyForDeploymentPostprocessing = 0;
		};
/* End PBXResourcesBuildPhase section */

/* Begin PBXSourcesBuildPhase section */
		DEF3C16B1B2A6AC700C27D93 /* Sources */ = {
			isa = PBXSourcesBuildPhase;
			buildActionMask = 2147483647;
			files = (
				DEF3C17B1B2A6AC700C27D93 /* ViewController.m in Sources */,
				DEF3C1781B2A6AC700C27D93 /* AppDelegate.m in Sources */,
				DEF3C1751B2A6AC700C27D93 /* main.m in Sources */,
			);
			runOnlyForDeploymentPostprocessing = 0;
		};
		DEF3C1841B2A6AC700C27D93 /* Sources */ = {
			isa = PBXSourcesBuildPhase;
			buildActionMask = 2147483647;
			files = (
				DEF3C18F1B2A6AC700C27D93 /* ImageLoaderTests.m in Sources */,
			);
			runOnlyForDeploymentPostprocessing = 0;
		};
/* End PBXSourcesBuildPhase section */

/* Begin PBXTargetDependency section */
		DEF3C18A1B2A6AC700C27D93 /* PBXTargetDependency */ = {
			isa = PBXTargetDependency;
			target = DEF3C16E1B2A6AC700C27D93 /* ImageLoader */;
			targetProxy = DEF3C1891B2A6AC700C27D93 /* PBXContainerItemProxy */;
		};
/* End PBXTargetDependency section */

/* Begin PBXVariantGroup section */
		DEF3C17C1B2A6AC700C27D93 /* Main.storyboard */ = {
			isa = PBXVariantGroup;
			children = (
				DEF3C17D1B2A6AC700C27D93 /* Base */,
			);
			name = Main.storyboard;
			sourceTree = "<group>";
		};
		DEF3C1811B2A6AC700C27D93 /* LaunchScreen.xib */ = {
			isa = PBXVariantGroup;
			children = (
				DEF3C1821B2A6AC700C27D93 /* Base */,
			);
			name = LaunchScreen.xib;
			sourceTree = "<group>";
		};
/* End PBXVariantGroup section */

/* Begin XCBuildConfiguration section */
		DEF3C1901B2A6AC700C27D93 /* Debug */ = {
			isa = XCBuildConfiguration;
			buildSettings = {
				ALWAYS_SEARCH_USER_PATHS = NO;
				CLANG_CXX_LANGUAGE_STANDARD = "gnu++0x";
				CLANG_CXX_LIBRARY = "libc++";
				CLANG_ENABLE_MODULES = YES;
				CLANG_ENABLE_OBJC_ARC = YES;
				CLANG_WARN_BOOL_CONVERSION = YES;
				CLANG_WARN_CONSTANT_CONVERSION = YES;
				CLANG_WARN_DIRECT_OBJC_ISA_USAGE = YES_ERROR;
				CLANG_WARN_EMPTY_BODY = YES;
				CLANG_WARN_ENUM_CONVERSION = YES;
				CLANG_WARN_INT_CONVERSION = YES;
				CLANG_WARN_OBJC_ROOT_CLASS = YES_ERROR;
				CLANG_WARN_UNREACHABLE_CODE = YES;
				CLANG_WARN__DUPLICATE_METHOD_MATCH = YES;
				"CODE_SIGN_IDENTITY[sdk=iphoneos*]" = "iPhone Developer";
				COPY_PHASE_STRIP = NO;
				DEBUG_INFORMATION_FORMAT = "dwarf-with-dsym";
				ENABLE_STRICT_OBJC_MSGSEND = YES;
				GCC_C_LANGUAGE_STANDARD = gnu99;
				GCC_DYNAMIC_NO_PIC = NO;
				GCC_NO_COMMON_BLOCKS = YES;
				GCC_OPTIMIZATION_LEVEL = 0;
				GCC_PREPROCESSOR_DEFINITIONS = (
					"DEBUG=1",
					"$(inherited)",
				);
				GCC_SYMBOLS_PRIVATE_EXTERN = NO;
				GCC_WARN_64_TO_32_BIT_CONVERSION = YES;
				GCC_WARN_ABOUT_RETURN_TYPE = YES_ERROR;
				GCC_WARN_UNDECLARED_SELECTOR = YES;
				GCC_WARN_UNINITIALIZED_AUTOS = YES_AGGRESSIVE;
				GCC_WARN_UNUSED_FUNCTION = YES;
				GCC_WARN_UNUSED_VARIABLE = YES;
				IPHONEOS_DEPLOYMENT_TARGET = 8.3;
				MTL_ENABLE_DEBUG_INFO = YES;
				ONLY_ACTIVE_ARCH = YES;
				SDKROOT = iphoneos;
			};
			name = Debug;
		};
		DEF3C1911B2A6AC700C27D93 /* Release */ = {
			isa = XCBuildConfiguration;
			buildSettings = {
				ALWAYS_SEARCH_USER_PATHS = NO;
				CLANG_CXX_LANGUAGE_STANDARD = "gnu++0x";
				CLANG_CXX_LIBRARY = "libc++";
				CLANG_ENABLE_MODULES = YES;
				CLANG_ENABLE_OBJC_ARC = YES;
				CLANG_WARN_BOOL_CONVERSION = YES;
				CLANG_WARN_CONSTANT_CONVERSION = YES;
				CLANG_WARN_DIRECT_OBJC_ISA_USAGE = YES_ERROR;
				CLANG_WARN_EMPTY_BODY = YES;
				CLANG_WARN_ENUM_CONVERSION = YES;
				CLANG_WARN_INT_CONVERSION = YES;
				CLANG_WARN_OBJC_ROOT_CLASS = YES_ERROR;
				CLANG_WARN_UNREACHABLE_CODE = YES;
				CLANG_WARN__DUPLICATE_METHOD_MATCH = YES;
				"CODE_SIGN_IDENTITY[sdk=iphoneos*]" = "iPhone Developer";
				COPY_PHASE_STRIP = NO;
				DEBUG_INFORMATION_FORMAT = "dwarf-with-dsym";
				ENABLE_NS_ASSERTIONS = NO;
				ENABLE_STRICT_OBJC_MSGSEND = YES;
				GCC_C_LANGUAGE_STANDARD = gnu99;
				GCC_NO_COMMON_BLOCKS = YES;
				GCC_WARN_64_TO_32_BIT_CONVERSION = YES;
				GCC_WARN_ABOUT_RETURN_TYPE = YES_ERROR;
				GCC_WARN_UNDECLARED_SELECTOR = YES;
				GCC_WARN_UNINITIALIZED_AUTOS = YES_AGGRESSIVE;
				GCC_WARN_UNUSED_FUNCTION = YES;
				GCC_WARN_UNUSED_VARIABLE = YES;
				IPHONEOS_DEPLOYMENT_TARGET = 8.3;
				MTL_ENABLE_DEBUG_INFO = NO;
				SDKROOT = iphoneos;
				VALIDATE_PRODUCT = YES;
			};
			name = Release;
		};
		DEF3C1931B2A6AC700C27D93 /* Debug */ = {
			isa = XCBuildConfiguration;
			buildSettings = {
				ASSETCATALOG_COMPILER_APPICON_NAME = AppIcon;
				INFOPLIST_FILE = ImageLoader/Info.plist;
				LD_RUNPATH_SEARCH_PATHS = "$(inherited) @executable_path/Frameworks";
				PRODUCT_NAME = "$(TARGET_NAME)";
			};
			name = Debug;
		};
		DEF3C1941B2A6AC700C27D93 /* Release */ = {
			isa = XCBuildConfiguration;
			buildSettings = {
				ASSETCATALOG_COMPILER_APPICON_NAME = AppIcon;
				INFOPLIST_FILE = ImageLoader/Info.plist;
				LD_RUNPATH_SEARCH_PATHS = "$(inherited) @executable_path/Frameworks";
				PRODUCT_NAME = "$(TARGET_NAME)";
			};
			name = Release;
		};
		DEF3C1961B2A6AC700C27D93 /* Debug */ = {
			isa = XCBuildConfiguration;
			buildSettings = {
				BUNDLE_LOADER = "$(TEST_HOST)";
				FRAMEWORK_SEARCH_PATHS = (
					"$(SDKROOT)/Developer/Library/Frameworks",
					"$(inherited)",
				);
				GCC_PREPROCESSOR_DEFINITIONS = (
					"DEBUG=1",
					"$(inherited)",
				);
				INFOPLIST_FILE = ImageLoaderTests/Info.plist;
				LD_RUNPATH_SEARCH_PATHS = "$(inherited) @executable_path/Frameworks @loader_path/Frameworks";
				PRODUCT_NAME = "$(TARGET_NAME)";
				TEST_HOST = "$(BUILT_PRODUCTS_DIR)/ImageLoader.app/ImageLoader";
			};
			name = Debug;
		};
		DEF3C1971B2A6AC700C27D93 /* Release */ = {
			isa = XCBuildConfiguration;
			buildSettings = {
				BUNDLE_LOADER = "$(TEST_HOST)";
				FRAMEWORK_SEARCH_PATHS = (
					"$(SDKROOT)/Developer/Library/Frameworks",
					"$(inherited)",
				);
				INFOPLIST_FILE = ImageLoaderTests/Info.plist;
				LD_RUNPATH_SEARCH_PATHS = "$(inherited) @executable_path/Frameworks @loader_path/Frameworks";
				PRODUCT_NAME = "$(TARGET_NAME)";
				TEST_HOST = "$(BUILT_PRODUCTS_DIR)/ImageLoader.app/ImageLoader";
			};
			name = Release;
		};
/* End XCBuildConfiguration section */

/* Begin XCConfigurationList section */
		DEF3C16A1B2A6AC700C27D93 /* Build configuration list for PBXProject "ImageLoader" */ = {
			isa = XCConfigurationList;
			buildConfigurations = (
				DEF3C1901B2A6AC700C27D93 /* Debug */,
				DEF3C1911B2A6AC700C27D93 /* Release */,
			);
			defaultConfigurationIsVisible = 0;
			defaultConfigurationName = Release;
		};
		DEF3C1921B2A6AC700C27D93 /* Build configuration list for PBXNativeTarget "ImageLoader" */ = {
			isa = XCConfigurationList;
			buildConfigurations = (
				DEF3C1931B2A6AC700C27D93 /* Debug */,
				DEF3C1941B2A6AC700C27D93 /* Release */,
			);
			defaultConfigurationIsVisible = 0;
		};
		DEF3C1951B2A6AC700C27D93 /* Build configuration list for PBXNativeTarget "ImageLoaderTests" */ = {
			isa = XCConfigurationList;
			buildConfigurations = (
				DEF3C1961B2A6AC700C27D93 /* Debug */,
				DEF3C1971B2A6AC700C27D93 /* Release */,
			);
			defaultConfigurationIsVisible = 0;
		};
/* End XCConfigurationList section */
	};
	rootObject = DEF3C1671B2A6AC700C27D93 /* Project object */;
}
